
Microsoft Visual Studio Solution File, Format Version 12.00
# Visual Studio 15
Project("{FAE04EC0-301F-11D3-BF4B-00C04F79EFBC}") = "testsplitpane", "testsplitpane\testsplitpane.csproj", "{C19CD14B-8CE8-48FF-823B-D76C028B3439}"
EndProject
Global
	GlobalSection(SolutionConfigurationPlatforms) = preSolution
		Debug|x86 = Debug|x86
		Release|x86 = Release|x86
	EndGlobalSection
	GlobalSection(ProjectConfigurationPlatforms) = postSolution
		{C19CD14B-8CE8-48FF-823B-D76C028B3439}.Debug|x86.ActiveCfg = Debug|x86
		{C19CD14B-8CE8-48FF-823B-D76C028B3439}.Debug|x86.Build.0 = Debug|x86
		{C19CD14B-8CE8-48FF-823B-D76C028B3439}.Release|x86.ActiveCfg = Release|x86
		{C19CD14B-8CE8-48FF-823B-D76C028B3439}.Release|x86.Build.0 = Release|x86
	EndGlobalSection
EndGlobal
